{
  "name": "mp3player-desktop",
  "lockfileVersion": 3,
  "requires": true,
  "packages": {
    "": {
      "dependencies": {
        "@types/feather-icons": "^4.29.4"
      }
    },
    "node_modules/@types/feather-icons": {
      "version": "4.29.4",
      "resolved": "https://registry.npmjs.org/@types/feather-icons/-/feather-icons-4.29.4.tgz",
      "integrity": "sha512-cvwI455PWx/gJ33XDTIZOdauRy+XCxZggkOT/tAQYZLdySPFATD4RnDC9mxOnCIEaK9kwPm3zZigkAsMkhXb5w=="
    }
  }
}
